// !$*UTF8*$!
{
	archiveVersion = 1;
	classes = {
	};
	objectVersion = 56;
	objects = {

/* Begin PBXBuildFile section */
		97041B232AFBEB4C00F8C6F0 /* FrigomemoApp.swift in Sources */ = {isa = PBXBuildFile; fileRef = 97041B222AFBEB4C00F8C6F0 /* FrigomemoApp.swift */; };
		97041B252AFBEB4C00F8C6F0 /* ContentView.swift in Sources */ = {isa = PBXBuildFile; fileRef = 97041B242AFBEB4C00F8C6F0 /* ContentView.swift */; };
		97041B272AFBEB4E00F8C6F0 /* Assets.xcassets in Resources */ = {isa = PBXBuildFile; fileRef = 97041B262AFBEB4E00F8C6F0 /* Assets.xcassets */; };
		97041B2A2AFBEB4E00F8C6F0 /* Preview Assets.xcassets in Resources */ = {isa = PBXBuildFile; fileRef = 97041B292AFBEB4E00F8C6F0 /* Preview Assets.xcassets */; };
		97041B342AFBEB4E00F8C6F0 /* FrigomemoTests.swift in Sources */ = {isa = PBXBuildFile; fileRef = 97041B332AFBEB4E00F8C6F0 /* FrigomemoTests.swift */; };
		97041B3E2AFBEB4E00F8C6F0 /* FrigomemoUITests.swift in Sources */ = {isa = PBXBuildFile; fileRef = 97041B3D2AFBEB4E00F8C6F0 /* FrigomemoUITests.swift */; };
		97041B402AFBEB4E00F8C6F0 /* FrigomemoUITestsLaunchTests.swift in Sources */ = {isa = PBXBuildFile; fileRef = 97041B3F2AFBEB4E00F8C6F0 /* FrigomemoUITestsLaunchTests.swift */; };
/* End PBXBuildFile section */

/* Begin PBXContainerItemProxy section */
		97041B302AFBEB4E00F8C6F0 /* PBXContainerItemProxy */ = {
			isa = PBXContainerItemProxy;
			containerPortal = 97041B172AFBEB4C00F8C6F0 /* Project object */;
			proxyType = 1;
			remoteGlobalIDString = 97041B1E2AFBEB4C00F8C6F0;
			remoteInfo = Frigomemo;
		};
		97041B3A2AFBEB4E00F8C6F0 /* PBXContainerItemProxy */ = {
			isa = PBXContainerItemProxy;
			containerPortal = 97041B172AFBEB4C00F8C6F0 /* Project object */;
			proxyType = 1;
			remoteGlobalIDString = 97041B1E2AFBEB4C00F8C6F0;
			remoteInfo = Frigomemo;
		};
/* End PBXContainerItemProxy section */

/* Begin PBXFileReference section */
		97041B1F2AFBEB4C00F8C6F0 /* Frigomemo.app */ = {isa = PBXFileReference; explicitFileType = wrapper.application; includeInIndex = 0; path = Frigomemo.app; sourceTree = BUILT_PRODUCTS_DIR; };
		97041B222AFBEB4C00F8C6F0 /* FrigomemoApp.swift */ = {isa = PBXFileReference; lastKnownFileType = sourcecode.swift; path = FrigomemoApp.swift; sourceTree = "<group>"; };
		97041B242AFBEB4C00F8C6F0 /* ContentView.swift */ = {isa = PBXFileReference; lastKnownFileType = sourcecode.swift; path = ContentView.swift; sourceTree = "<group>"; };
		97041B262AFBEB4E00F8C6F0 /* Assets.xcassets */ = {isa = PBXFileReference; lastKnownFileType = folder.assetcatalog; path = Assets.xcassets; sourceTree = "<group>"; };
		97041B292AFBEB4E00F8C6F0 /* Preview Assets.xcassets */ = {isa = PBXFileReference; lastKnownFileType = folder.assetcatalog; path = "Preview Assets.xcassets"; sourceTree = "<group>"; };
		97041B2F2AFBEB4E00F8C6F0 /* FrigomemoTests.xctest */ = {isa = PBXFileReference; explicitFileType = wrapper.cfbundle; includeInIndex = 0; path = FrigomemoTests.xctest; sourceTree = BUILT_PRODUCTS_DIR; };
		97041B332AFBEB4E00F8C6F0 /* FrigomemoTests.swift */ = {isa = PBXFileReference; lastKnownFileType = sourcecode.swift; path = FrigomemoTests.swift; sourceTree = "<group>"; };
		97041B392AFBEB4E00F8C6F0 /* FrigomemoUITests.xctest */ = {isa = PBXFileReference; explicitFileType = wrapper.cfbundle; includeInIndex = 0; path = FrigomemoUITests.xctest; sourceTree = BUILT_PRODUCTS_DIR; };
		97041B3D2AFBEB4E00F8C6F0 /* FrigomemoUITests.swift */ = {isa = PBXFileReference; lastKnownFileType = sourcecode.swift; path = FrigomemoUITests.swift; sourceTree = "<group>"; };
		97041B3F2AFBEB4E00F8C6F0 /* FrigomemoUITestsLaunchTests.swift */ = {isa = PBXFileReference; lastKnownFileType = sourcecode.swift; path = FrigomemoUITestsLaunchTests.swift; sourceTree = "<group>"; };
/* End PBXFileReference section */

/* Begin PBXFrameworksBuildPhase section */
		97041B1C2AFBEB4C00F8C6F0 /* Frameworks */ = {
			isa = PBXFrameworksBuildPhase;
			buildActionMask = 2147483647;
			files = (
			);
			runOnlyForDeploymentPostprocessing = 0;
		};
		97041B2C2AFBEB4E00F8C6F0 /* Frameworks */ = {
			isa = PBXFrameworksBuildPhase;
			buildActionMask = 2147483647;
			files = (
			);
			runOnlyForDeploymentPostprocessing = 0;
		};
		97041B362AFBEB4E00F8C6F0 /* Frameworks */ = {
			isa = PBXFrameworksBuildPhase;
			buildActionMask = 2147483647;
			files = (
			);
			runOnlyForDeploymentPostprocessing = 0;
		};
/* End PBXFrameworksBuildPhase section */

/* Begin PBXGroup section */
		97041B162AFBEB4C00F8C6F0 = {
			isa = PBXGroup;
			children = (
				97041B212AFBEB4C00F8C6F0 /* Frigomemo */,
				97041B322AFBEB4E00F8C6F0 /* FrigomemoTests */,
				97041B3C2AFBEB4E00F8C6F0 /* FrigomemoUITests */,
				97041B202AFBEB4C00F8C6F0 /* Products */,
			);
			sourceTree = "<group>";
		};
		97041B202AFBEB4C00F8C6F0 /* Products */ = {
			isa = PBXGroup;
			children = (
				97041B1F2AFBEB4C00F8C6F0 /* Frigomemo.app */,
				97041B2F2AFBEB4E00F8C6F0 /* FrigomemoTests.xctest */,
				97041B392AFBEB4E00F8C6F0 /* FrigomemoUITests.xctest */,
			);
			name = Products;
			sourceTree = "<group>";
		};
		97041B212AFBEB4C00F8C6F0 /* Frigomemo */ = {
			isa = PBXGroup;
			children = (
				97041B222AFBEB4C00F8C6F0 /* FrigomemoApp.swift */,
				97041B242AFBEB4C00F8C6F0 /* ContentView.swift */,
				97041B262AFBEB4E00F8C6F0 /* Assets.xcassets */,
				97041B282AFBEB4E00F8C6F0 /* Preview Content */,
			);
			path = Frigomemo;
			sourceTree = "<group>";
		};
		97041B282AFBEB4E00F8C6F0 /* Preview Content */ = {
			isa = PBXGroup;
			children = (
				97041B292AFBEB4E00F8C6F0 /* Preview Assets.xcassets */,
			);
			path = "Preview Content";
			sourceTree = "<group>";
		};
		97041B322AFBEB4E00F8C6F0 /* FrigomemoTests */ = {
			isa = PBXGroup;
			children = (
				97041B332AFBEB4E00F8C6F0 /* FrigomemoTests.swift */,
			);
			path = FrigomemoTests;
			sourceTree = "<group>";
		};
		97041B3C2AFBEB4E00F8C6F0 /* FrigomemoUITests */ = {
			isa = PBXGroup;
			children = (
				97041B3D2AFBEB4E00F8C6F0 /* FrigomemoUITests.swift */,
				97041B3F2AFBEB4E00F8C6F0 /* FrigomemoUITestsLaunchTests.swift */,
			);
			path = FrigomemoUITests;
			sourceTree = "<group>";
		};
/* End PBXGroup section */

/* Begin PBXNativeTarget section */
		97041B1E2AFBEB4C00F8C6F0 /* Frigomemo */ = {
			isa = PBXNativeTarget;
			buildConfigurationList = 97041B432AFBEB4E00F8C6F0 /* Build configuration list for PBXNativeTarget "Frigomemo" */;
			buildPhases = (
				97041B1B2AFBEB4C00F8C6F0 /* Sources */,
				97041B1C2AFBEB4C00F8C6F0 /* Frameworks */,
				97041B1D2AFBEB4C00F8C6F0 /* Resources */,
			);
			buildRules = (
			);
			dependencies = (
			);
			name = Frigomemo;
			productName = Frigomemo;
			productReference = 97041B1F2AFBEB4C00F8C6F0 /* Frigomemo.app */;
			productType = "com.apple.product-type.application";
		};
		97041B2E2AFBEB4E00F8C6F0 /* FrigomemoTests */ = {
			isa = PBXNativeTarget;
			buildConfigurationList = 97041B462AFBEB4E00F8C6F0 /* Build configuration list for PBXNativeTarget "FrigomemoTests" */;
			buildPhases = (
				97041B2B2AFBEB4E00F8C6F0 /* Sources */,
				97041B2C2AFBEB4E00F8C6F0 /* Frameworks */,
				97041B2D2AFBEB4E00F8C6F0 /* Resources */,
			);
			buildRules = (
			);
			dependencies = (
				97041B312AFBEB4E00F8C6F0 /* PBXTargetDependency */,
			);
			name = FrigomemoTests;
			productName = FrigomemoTests;
			productReference = 97041B2F2AFBEB4E00F8C6F0 /* FrigomemoTests.xctest */;
			productType = "com.apple.product-type.bundle.unit-test";
		};
		97041B382AFBEB4E00F8C6F0 /* FrigomemoUITests */ = {
			isa = PBXNativeTarget;
			buildConfigurationList = 97041B492AFBEB4E00F8C6F0 /* Build configuration list for PBXNativeTarget "FrigomemoUITests" */;
			buildPhases = (
				97041B352AFBEB4E00F8C6F0 /* Sources */,
				97041B362AFBEB4E00F8C6F0 /* Frameworks */,
				97041B372AFBEB4E00F8C6F0 /* Resources */,
			);
			buildRules = (
			);
			dependencies = (
				97041B3B2AFBEB4E00F8C6F0 /* PBXTargetDependency */,
			);
			name = FrigomemoUITests;
			productName = FrigomemoUITests;
			productReference = 97041B392AFBEB4E00F8C6F0 /* FrigomemoUITests.xctest */;
			productType = "com.apple.product-type.bundle.ui-testing";
		};
/* End PBXNativeTarget section */

/* Begin PBXProject section */
		97041B172AFBEB4C00F8C6F0 /* Project object */ = {
			isa = PBXProject;
			attributes = {
				BuildIndependentTargetsInParallel = 1;
				LastSwiftUpdateCheck = 1500;
				LastUpgradeCheck = 1500;
				TargetAttributes = {
					97041B1E2AFBEB4C00F8C6F0 = {
						CreatedOnToolsVersion = 15.0.1;
					};
					97041B2E2AFBEB4E00F8C6F0 = {
						CreatedOnToolsVersion = 15.0.1;
						TestTargetID = 97041B1E2AFBEB4C00F8C6F0;
					};
					97041B382AFBEB4E00F8C6F0 = {
						CreatedOnToolsVersion = 15.0.1;
						TestTargetID = 97041B1E2AFBEB4C00F8C6F0;
					};
				};
			};
			buildConfigurationList = 97041B1A2AFBEB4C00F8C6F0 /* Build configuration list for PBXProject "Frigomemo" */;
			compatibilityVersion = "Xcode 14.0";
			developmentRegion = en;
			hasScannedForEncodings = 0;
			knownRegions = (
				en,
				Base,
			);
			mainGroup = 97041B162AFBEB4C00F8C6F0;
			productRefGroup = 97041B202AFBEB4C00F8C6F0 /* Products */;
			projectDirPath = "";
			projectRoot = "";
			targets = (
				97041B1E2AFBEB4C00F8C6F0 /* Frigomemo */,
				97041B2E2AFBEB4E00F8C6F0 /* FrigomemoTests */,
				97041B382AFBEB4E00F8C6F0 /* FrigomemoUITests */,
			);
		};
/* End PBXProject section */

/* Begin PBXResourcesBuildPhase section */
		97041B1D2AFBEB4C00F8C6F0 /* Resources */ = {
			isa = PBXResourcesBuildPhase;
			buildActionMask = 2147483647;
			files = (
				97041B2A2AFBEB4E00F8C6F0 /* Preview Assets.xcassets in Resources */,
				97041B272AFBEB4E00F8C6F0 /* Assets.xcassets in Resources */,
			);
			runOnlyForDeploymentPostprocessing = 0;
		};
		97041B2D2AFBEB4E00F8C6F0 /* Resources */ = {
			isa = PBXResourcesBuildPhase;
			buildActionMask = 2147483647;
			files = (
			);
			runOnlyForDeploymentPostprocessing = 0;
		};
		97041B372AFBEB4E00F8C6F0 /* Resources */ = {
			isa = PBXResourcesBuildPhase;
			buildActionMask = 2147483647;
			files = (
			);
			runOnlyForDeploymentPostprocessing = 0;
		};
/* End PBXResourcesBuildPhase section */

/* Begin PBXSourcesBuildPhase section */
		97041B1B2AFBEB4C00F8C6F0 /* Sources */ = {
			isa = PBXSourcesBuildPhase;
			buildActionMask = 2147483647;
			files = (
				97041B252AFBEB4C00F8C6F0 /* ContentView.swift in Sources */,
				97041B232AFBEB4C00F8C6F0 /* FrigomemoApp.swift in Sources */,
			);
			runOnlyForDeploymentPostprocessing = 0;
		};
		97041B2B2AFBEB4E00F8C6F0 /* Sources */ = {
			isa = PBXSourcesBuildPhase;
			buildActionMask = 2147483647;
			files = (
				97041B342AFBEB4E00F8C6F0 /* FrigomemoTests.swift in Sources */,
			);
			runOnlyForDeploymentPostprocessing = 0;
		};
		97041B352AFBEB4E00F8C6F0 /* Sources */ = {
			isa = PBXSourcesBuildPhase;
			buildActionMask = 2147483647;
			files = (
				97041B402AFBEB4E00F8C6F0 /* FrigomemoUITestsLaunchTests.swift in Sources */,
				97041B3E2AFBEB4E00F8C6F0 /* FrigomemoUITests.swift in Sources */,
			);
			runOnlyForDeploymentPostprocessing = 0;
		};
/* End PBXSourcesBuildPhase section */

/* Begin PBXTargetDependency section */
		97041B312AFBEB4E00F8C6F0 /* PBXTargetDependency */ = {
			isa = PBXTargetDependency;
			target = 97041B1E2AFBEB4C00F8C6F0 /* Frigomemo */;
			targetProxy = 97041B302AFBEB4E00F8C6F0 /* PBXContainerItemProxy */;
		};
		97041B3B2AFBEB4E00F8C6F0 /* PBXTargetDependency */ = {
			isa = PBXTargetDependency;
			target = 97041B1E2AFBEB4C00F8C6F0 /* Frigomemo */;
			targetProxy = 97041B3A2AFBEB4E00F8C6F0 /* PBXContainerItemProxy */;
		};
/* End PBXTargetDependency section */

/* Begin XCBuildConfiguration section */
		97041B412AFBEB4E00F8C6F0 /* Debug */ = {
			isa = XCBuildConfiguration;
			buildSettings = {
				ALWAYS_SEARCH_USER_PATHS = NO;
				ASSETCATALOG_COMPILER_GENERATE_SWIFT_ASSET_SYMBOL_EXTENSIONS = YES;
				CLANG_ANALYZER_NONNULL = YES;
				CLANG_ANALYZER_NUMBER_OBJECT_CONVERSION = YES_AGGRESSIVE;
				CLANG_CXX_LANGUAGE_STANDARD = "gnu++20";
				CLANG_ENABLE_MODULES = YES;
				CLANG_ENABLE_OBJC_ARC = YES;
				CLANG_ENABLE_OBJC_WEAK = YES;
				CLANG_WARN_BLOCK_CAPTURE_AUTORELEASING = YES;
				CLANG_WARN_BOOL_CONVERSION = YES;
				CLANG_WARN_COMMA = YES;
				CLANG_WARN_CONSTANT_CONVERSION = YES;
				CLANG_WARN_DEPRECATED_OBJC_IMPLEMENTATIONS = YES;
				CLANG_WARN_DIRECT_OBJC_ISA_USAGE = YES_ERROR;
				CLANG_WARN_DOCUMENTATION_COMMENTS = YES;
				CLANG_WARN_EMPTY_BODY = YES;
				CLANG_WARN_ENUM_CONVERSION = YES;
				CLANG_WARN_INFINITE_RECURSION = YES;
				CLANG_WARN_INT_CONVERSION = YES;
				CLANG_WARN_NON_LITERAL_NULL_CONVERSION = YES;
				CLANG_WARN_OBJC_IMPLICIT_RETAIN_SELF = YES;
				CLANG_WARN_OBJC_LITERAL_CONVERSION = YES;
				CLANG_WARN_OBJC_ROOT_CLASS = YES_ERROR;
				CLANG_WARN_QUOTED_INCLUDE_IN_FRAMEWORK_HEADER = YES;
				CLANG_WARN_RANGE_LOOP_ANALYSIS = YES;
				CLANG_WARN_STRICT_PROTOTYPES = YES;
				CLANG_WARN_SUSPICIOUS_MOVE = YES;
				CLANG_WARN_UNGUARDED_AVAILABILITY = YES_AGGRESSIVE;
				CLANG_WARN_UNREACHABLE_CODE = YES;
				CLANG_WARN__DUPLICATE_METHOD_MATCH = YES;
				COPY_PHASE_STRIP = NO;
				DEBUG_INFORMATION_FORMAT = dwarf;
				ENABLE_STRICT_OBJC_MSGSEND = YES;
				ENABLE_TESTABILITY = YES;
				ENABLE_USER_SCRIPT_SANDBOXING = YES;
				GCC_C_LANGUAGE_STANDARD = gnu17;
				GCC_DYNAMIC_NO_PIC = NO;
				GCC_NO_COMMON_BLOCKS = YES;
				GCC_OPTIMIZATION_LEVEL = 0;
				GCC_PREPROCESSOR_DEFINITIONS = (
					"DEBUG=1",
					"$(inherited)",
				);
				GCC_WARN_64_TO_32_BIT_CONVERSION = YES;
				GCC_WARN_ABOUT_RETURN_TYPE = YES_ERROR;
				GCC_WARN_UNDECLARED_SELECTOR = YES;
				GCC_WARN_UNINITIALIZED_AUTOS = YES_AGGRESSIVE;
				GCC_WARN_UNUSED_FUNCTION = YES;
				GCC_WARN_UNUSED_VARIABLE = YES;
				IPHONEOS_DEPLOYMENT_TARGET = 17.0;
				LOCALIZATION_PREFERS_STRING_CATALOGS = YES;
				MTL_ENABLE_DEBUG_INFO = INCLUDE_SOURCE;
				MTL_FAST_MATH = YES;
				ONLY_ACTIVE_ARCH = YES;
				SDKROOT = iphoneos;
				SWIFT_ACTIVE_COMPILATION_CONDITIONS = "DEBUG $(inherited)";
				SWIFT_OPTIMIZATION_LEVEL = "-Onone";
			};
			name = Debug;
		};
		97041B422AFBEB4E00F8C6F0 /* Release */ = {
			isa = XCBuildConfiguration;
			buildSettings = {
				ALWAYS_SEARCH_USER_PATHS = NO;
				ASSETCATALOG_COMPILER_GENERATE_SWIFT_ASSET_SYMBOL_EXTENSIONS = YES;
				CLANG_ANALYZER_NONNULL = YES;
				CLANG_ANALYZER_NUMBER_OBJECT_CONVERSION = YES_AGGRESSIVE;
				CLANG_CXX_LANGUAGE_STANDARD = "gnu++20";
				CLANG_ENABLE_MODULES = YES;
				CLANG_ENABLE_OBJC_ARC = YES;
				CLANG_ENABLE_OBJC_WEAK = YES;
				CLANG_WARN_BLOCK_CAPTURE_AUTORELEASING = YES;
				CLANG_WARN_BOOL_CONVERSION = YES;
				CLANG_WARN_COMMA = YES;
				CLANG_WARN_CONSTANT_CONVERSION = YES;
				CLANG_WARN_DEPRECATED_OBJC_IMPLEMENTATIONS = YES;
				CLANG_WARN_DIRECT_OBJC_ISA_USAGE = YES_ERROR;
				CLANG_WARN_DOCUMENTATION_COMMENTS = YES;
				CLANG_WARN_EMPTY_BODY = YES;
				CLANG_WARN_ENUM_CONVERSION = YES;
				CLANG_WARN_INFINITE_RECURSION = YES;
				CLANG_WARN_INT_CONVERSION = YES;
				CLANG_WARN_NON_LITERAL_NULL_CONVERSION = YES;
				CLANG_WARN_OBJC_IMPLICIT_RETAIN_SELF = YES;
				CLANG_WARN_OBJC_LITERAL_CONVERSION = YES;
				CLANG_WARN_OBJC_ROOT_CLASS = YES_ERROR;
				CLANG_WARN_QUOTED_INCLUDE_IN_FRAMEWORK_HEADER = YES;
				CLANG_WARN_RANGE_LOOP_ANALYSIS = YES;
				CLANG_WARN_STRICT_PROTOTYPES = YES;
				CLANG_WARN_SUSPICIOUS_MOVE = YES;
				CLANG_WARN_UNGUARDED_AVAILABILITY = YES_AGGRESSIVE;
				CLANG_WARN_UNREACHABLE_CODE = YES;
				CLANG_WARN__DUPLICATE_METHOD_MATCH = YES;
				COPY_PHASE_STRIP = NO;
				DEBUG_INFORMATION_FORMAT = "dwarf-with-dsym";
				ENABLE_NS_ASSERTIONS = NO;
				ENABLE_STRICT_OBJC_MSGSEND = YES;
				ENABLE_USER_SCRIPT_SANDBOXING = YES;
				GCC_C_LANGUAGE_STANDARD = gnu17;
				GCC_NO_COMMON_BLOCKS = YES;
				GCC_WARN_64_TO_32_BIT_CONVERSION = YES;
				GCC_WARN_ABOUT_RETURN_TYPE = YES_ERROR;
				GCC_WARN_UNDECLARED_SELECTOR = YES;
				GCC_WARN_UNINITIALIZED_AUTOS = YES_AGGRESSIVE;
				GCC_WARN_UNUSED_FUNCTION = YES;
				GCC_WARN_UNUSED_VARIABLE = YES;
				IPHONEOS_DEPLOYMENT_TARGET = 17.0;
				LOCALIZATION_PREFERS_STRING_CATALOGS = YES;
				MTL_ENABLE_DEBUG_INFO = NO;
				MTL_FAST_MATH = YES;
				SDKROOT = iphoneos;
				SWIFT_COMPILATION_MODE = wholemodule;
				VALIDATE_PRODUCT = YES;
			};
			name = Release;
		};
		97041B442AFBEB4E00F8C6F0 /* Debug */ = {
			isa = XCBuildConfiguration;
			buildSettings = {
				ASSETCATALOG_COMPILER_APPICON_NAME = AppIcon;
				ASSETCATALOG_COMPILER_GLOBAL_ACCENT_COLOR_NAME = AccentColor;
				CODE_SIGN_STYLE = Automatic;
				CURRENT_PROJECT_VERSION = 1;
				DEVELOPMENT_ASSET_PATHS = "\"Frigomemo/Preview Content\"";
				DEVELOPMENT_TEAM = W4XNA6F52T;
				ENABLE_PREVIEWS = YES;
				GENERATE_INFOPLIST_FILE = YES;
				INFOPLIST_KEY_UIApplicationSceneManifest_Generation = YES;
				INFOPLIST_KEY_UIApplicationSupportsIndirectInputEvents = YES;
				INFOPLIST_KEY_UILaunchScreen_Generation = YES;
				INFOPLIST_KEY_UISupportedInterfaceOrientations_iPad = "UIInterfaceOrientationPortrait UIInterfaceOrientationPortraitUpsideDown UIInterfaceOrientationLandscapeLeft UIInterfaceOrientationLandscapeRight";
				INFOPLIST_KEY_UISupportedInterfaceOrientations_iPhone = "UIInterfaceOrientationPortrait UIInterfaceOrientationLandscapeLeft UIInterfaceOrientationLandscapeRight";
				LD_RUNPATH_SEARCH_PATHS = (
					"$(inherited)",
					"@executable_path/Frameworks",
				);
				MARKETING_VERSION = 1.0;
				PRODUCT_BUNDLE_IDENTIFIER = com.asuka1h.Frigomemo;
				PRODUCT_NAME = "$(TARGET_NAME)";
				SWIFT_EMIT_LOC_STRINGS = YES;
				SWIFT_VERSION = 5.0;
				TARGETED_DEVICE_FAMILY = "1,2";
			};
			name = Debug;
		};
		97041B452AFBEB4E00F8C6F0 /* Release */ = {
			isa = XCBuildConfiguration;
			buildSettings = {
				ASSETCATALOG_COMPILER_APPICON_NAME = AppIcon;
				ASSETCATALOG_COMPILER_GLOBAL_ACCENT_COLOR_NAME = AccentColor;
				CODE_SIGN_STYLE = Automatic;
				CURRENT_PROJECT_VERSION = 1;
				DEVELOPMENT_ASSET_PATHS = "\"Frigomemo/Preview Content\"";
				DEVELOPMENT_TEAM = W4XNA6F52T;
				ENABLE_PREVIEWS = YES;
				GENERATE_INFOPLIST_FILE = YES;
				INFOPLIST_KEY_UIApplicationSceneManifest_Generation = YES;
				INFOPLIST_KEY_UIApplicationSupportsIndirectInputEvents = YES;
				INFOPLIST_KEY_UILaunchScreen_Generation = YES;
				INFOPLIST_KEY_UISupportedInterfaceOrientations_iPad = "UIInterfaceOrientationPortrait UIInterfaceOrientationPortraitUpsideDown UIInterfaceOrientationLandscapeLeft UIInterfaceOrientationLandscapeRight";
				INFOPLIST_KEY_UISupportedInterfaceOrientations_iPhone = "UIInterfaceOrientationPortrait UIInterfaceOrientationLandscapeLeft UIInterfaceOrientationLandscapeRight";
				LD_RUNPATH_SEARCH_PATHS = (
					"$(inherited)",
					"@executable_path/Frameworks",
				);
				MARKETING_VERSION = 1.0;
				PRODUCT_BUNDLE_IDENTIFIER = com.asuka1h.Frigomemo;
				PRODUCT_NAME = "$(TARGET_NAME)";
				SWIFT_EMIT_LOC_STRINGS = YES;
				SWIFT_VERSION = 5.0;
				TARGETED_DEVICE_FAMILY = "1,2";
			};
			name = Release;
		};
		97041B472AFBEB4E00F8C6F0 /* Debug */ = {
			isa = XCBuildConfiguration;
			buildSettings = {
				ALWAYS_EMBED_SWIFT_STANDARD_LIBRARIES = YES;
				BUNDLE_LOADER = "$(TEST_HOST)";
				CODE_SIGN_STYLE = Automatic;
				CURRENT_PROJECT_VERSION = 1;
				DEVELOPMENT_TEAM = W4XNA6F52T;
				GENERATE_INFOPLIST_FILE = YES;
				IPHONEOS_DEPLOYMENT_TARGET = 17.0;
				MARKETING_VERSION = 1.0;
				PRODUCT_BUNDLE_IDENTIFIER = com.asuka1h.FrigomemoTests;
				PRODUCT_NAME = "$(TARGET_NAME)";
				SWIFT_EMIT_LOC_STRINGS = NO;
				SWIFT_VERSION = 5.0;
				TARGETED_DEVICE_FAMILY = "1,2";
				TEST_HOST = "$(BUILT_PRODUCTS_DIR)/Frigomemo.app/$(BUNDLE_EXECUTABLE_FOLDER_PATH)/Frigomemo";
			};
			name = Debug;
		};
		97041B482AFBEB4E00F8C6F0 /* Release */ = {
			isa = XCBuildConfiguration;
			buildSettings = {
				ALWAYS_EMBED_SWIFT_STANDARD_LIBRARIES = YES;
				BUNDLE_LOADER = "$(TEST_HOST)";
				CODE_SIGN_STYLE = Automatic;
				CURRENT_PROJECT_VERSION = 1;
				DEVELOPMENT_TEAM = W4XNA6F52T;
				GENERATE_INFOPLIST_FILE = YES;
				IPHONEOS_DEPLOYMENT_TARGET = 17.0;
				MARKETING_VERSION = 1.0;
				PRODUCT_BUNDLE_IDENTIFIER = com.asuka1h.FrigomemoTests;
				PRODUCT_NAME = "$(TARGET_NAME)";
				SWIFT_EMIT_LOC_STRINGS = NO;
				SWIFT_VERSION = 5.0;
				TARGETED_DEVICE_FAMILY = "1,2";
				TEST_HOST = "$(BUILT_PRODUCTS_DIR)/Frigomemo.app/$(BUNDLE_EXECUTABLE_FOLDER_PATH)/Frigomemo";
			};
			name = Release;
		};
		97041B4A2AFBEB4E00F8C6F0 /* Debug */ = {
			isa = XCBuildConfiguration;
			buildSettings = {
				ALWAYS_EMBED_SWIFT_STANDARD_LIBRARIES = YES;
				CODE_SIGN_STYLE = Automatic;
				CURRENT_PROJECT_VERSION = 1;
				DEVELOPMENT_TEAM = W4XNA6F52T;
				GENERATE_INFOPLIST_FILE = YES;
				MARKETING_VERSION = 1.0;
				PRODUCT_BUNDLE_IDENTIFIER = com.asuka1h.FrigomemoUITests;
				PRODUCT_NAME = "$(TARGET_NAME)";
				SWIFT_EMIT_LOC_STRINGS = NO;
				SWIFT_VERSION = 5.0;
				TARGETED_DEVICE_FAMILY = "1,2";
				TEST_TARGET_NAME = Frigomemo;
			};
			name = Debug;
		};
		97041B4B2AFBEB4E00F8C6F0 /* Release */ = {
			isa = XCBuildConfiguration;
			buildSettings = {
				ALWAYS_EMBED_SWIFT_STANDARD_LIBRARIES = YES;
				CODE_SIGN_STYLE = Automatic;
				CURRENT_PROJECT_VERSION = 1;
				DEVELOPMENT_TEAM = W4XNA6F52T;
				GENERATE_INFOPLIST_FILE = YES;
				MARKETING_VERSION = 1.0;
				PRODUCT_BUNDLE_IDENTIFIER = com.asuka1h.FrigomemoUITests;
				PRODUCT_NAME = "$(TARGET_NAME)";
				SWIFT_EMIT_LOC_STRINGS = NO;
				SWIFT_VERSION = 5.0;
				TARGETED_DEVICE_FAMILY = "1,2";
				TEST_TARGET_NAME = Frigomemo;
			};
			name = Release;
		};
/* End XCBuildConfiguration section */

/* Begin XCConfigurationList section */
		97041B1A2AFBEB4C00F8C6F0 /* Build configuration list for PBXProject "Frigomemo" */ = {
			isa = XCConfigurationList;
			buildConfigurations = (
				97041B412AFBEB4E00F8C6F0 /* Debug */,
				97041B422AFBEB4E00F8C6F0 /* Release */,
			);
			defaultConfigurationIsVisible = 0;
			defaultConfigurationName = Release;
		};
		97041B432AFBEB4E00F8C6F0 /* Build configuration list for PBXNativeTarget "Frigomemo" */ = {
			isa = XCConfigurationList;
			buildConfigurations = (
				97041B442AFBEB4E00F8C6F0 /* Debug */,
				97041B452AFBEB4E00F8C6F0 /* Release */,
			);
			defaultConfigurationIsVisible = 0;
			defaultConfigurationName = Release;
		};
		97041B462AFBEB4E00F8C6F0 /* Build configuration list for PBXNativeTarget "FrigomemoTests" */ = {
			isa = XCConfigurationList;
			buildConfigurations = (
				97041B472AFBEB4E00F8C6F0 /* Debug */,
				97041B482AFBEB4E00F8C6F0 /* Release */,
			);
			defaultConfigurationIsVisible = 0;
			defaultConfigurationName = Release;
		};
		97041B492AFBEB4E00F8C6F0 /* Build configuration list for PBXNativeTarget "FrigomemoUITests" */ = {
			isa = XCConfigurationList;
			buildConfigurations = (
				97041B4A2AFBEB4E00F8C6F0 /* Debug */,
				97041B4B2AFBEB4E00F8C6F0 /* Release */,
			);
			defaultConfigurationIsVisible = 0;
			defaultConfigurationName = Release;
		};
/* End XCConfigurationList section */
	};
	rootObject = 97041B172AFBEB4C00F8C6F0 /* Project object */;
}
